// !$*UTF8*$!
{
	archiveVersion = 1;
	classes = {
	};
	objectVersion = 46;
	objects = {

/* Begin PBXBuildFile section */
		620920BA1AFE1EDE005510E1 /* AppDelegate.swift in Sources */ = {isa = PBXBuildFile; fileRef = 620920B91AFE1EDE005510E1 /* AppDelegate.swift */; };
		620920BC1AFE1EDE005510E1 /* ViewController.swift in Sources */ = {isa = PBXBuildFile; fileRef = 620920BB1AFE1EDE005510E1 /* ViewController.swift */; };
		620920BF1AFE1EDE005510E1 /* Main.storyboard in Resources */ = {isa = PBXBuildFile; fileRef = 620920BD1AFE1EDE005510E1 /* Main.storyboard */; };
		620920C11AFE1EDE005510E1 /* Images.xcassets in Resources */ = {isa = PBXBuildFile; fileRef = 620920C01AFE1EDE005510E1 /* Images.xcassets */; };
		620920C41AFE1EDE005510E1 /* LaunchScreen.xib in Resources */ = {isa = PBXBuildFile; fileRef = 620920C21AFE1EDE005510E1 /* LaunchScreen.xib */; };
		620920D01AFE1EDF005510E1 /* PlaygroundsTests.swift in Sources */ = {isa = PBXBuildFile; fileRef = 620920CF1AFE1EDF005510E1 /* PlaygroundsTests.swift */; };
/* End PBXBuildFile section */

/* Begin PBXContainerItemProxy section */
		620920CA1AFE1EDF005510E1 /* PBXContainerItemProxy */ = {
			isa = PBXContainerItemProxy;
			containerPortal = 620920AC1AFE1EDE005510E1 /* Project object */;
			proxyType = 1;
			remoteGlobalIDString = 620920B31AFE1EDE005510E1;
			remoteInfo = Playgrounds;
		};
/* End PBXContainerItemProxy section */

/* Begin PBXFileReference section */
		620920B41AFE1EDE005510E1 /* Playgrounds.app */ = {isa = PBXFileReference; explicitFileType = wrapper.application; includeInIndex = 0; path = Playgrounds.app; sourceTree = BUILT_PRODUCTS_DIR; };
		620920B81AFE1EDE005510E1 /* Info.plist */ = {isa = PBXFileReference; lastKnownFileType = text.plist.xml; path = Info.plist; sourceTree = "<group>"; };
		620920B91AFE1EDE005510E1 /* AppDelegate.swift */ = {isa = PBXFileReference; lastKnownFileType = sourcecode.swift; path = AppDelegate.swift; sourceTree = "<group>"; };
		620920BB1AFE1EDE005510E1 /* ViewController.swift */ = {isa = PBXFileReference; lastKnownFileType = sourcecode.swift; path = ViewController.swift; sourceTree = "<group>"; };
		620920BE1AFE1EDE005510E1 /* Base */ = {isa = PBXFileReference; lastKnownFileType = file.storyboard; name = Base; path = Base.lproj/Main.storyboard; sourceTree = "<group>"; };
		620920C01AFE1EDE005510E1 /* Images.xcassets */ = {isa = PBXFileReference; lastKnownFileType = folder.assetcatalog; path = Images.xcassets; sourceTree = "<group>"; };
		620920C31AFE1EDE005510E1 /* Base */ = {isa = PBXFileReference; lastKnownFileType = file.xib; name = Base; path = Base.lproj/LaunchScreen.xib; sourceTree = "<group>"; };
		620920C91AFE1EDF005510E1 /* PlaygroundsTests.xctest */ = {isa = PBXFileReference; explicitFileType = wrapper.cfbundle; includeInIndex = 0; path = PlaygroundsTests.xctest; sourceTree = BUILT_PRODUCTS_DIR; };
		620920CE1AFE1EDF005510E1 /* Info.plist */ = {isa = PBXFileReference; lastKnownFileType = text.plist.xml; path = Info.plist; sourceTree = "<group>"; };
		620920CF1AFE1EDF005510E1 /* PlaygroundsTests.swift */ = {isa = PBXFileReference; lastKnownFileType = sourcecode.swift; path = PlaygroundsTests.swift; sourceTree = "<group>"; };
/* End PBXFileReference section */

/* Begin PBXFrameworksBuildPhase section */
		620920B11AFE1EDE005510E1 /* Frameworks */ = {
			isa = PBXFrameworksBuildPhase;
			buildActionMask = 2147483647;
			files = (
			);
			runOnlyForDeploymentPostprocessing = 0;
		};
		620920C61AFE1EDF005510E1 /* Frameworks */ = {
			isa = PBXFrameworksBuildPhase;
			buildActionMask = 2147483647;
			files = (
			);
			runOnlyForDeploymentPostprocessing = 0;
		};
/* End PBXFrameworksBuildPhase section */

/* Begin PBXGroup section */
		620920AB1AFE1EDE005510E1 = {
			isa = PBXGroup;
			children = (
				620920B61AFE1EDE005510E1 /* Playgrounds */,
				620920CC1AFE1EDF005510E1 /* PlaygroundsTests */,
				620920B51AFE1EDE005510E1 /* Products */,
			);
			sourceTree = "<group>";
		};
		620920B51AFE1EDE005510E1 /* Products */ = {
			isa = PBXGroup;
			children = (
				620920B41AFE1EDE005510E1 /* Playgrounds.app */,
				620920C91AFE1EDF005510E1 /* PlaygroundsTests.xctest */,
			);
			name = Products;
			sourceTree = "<group>";
		};
		620920B61AFE1EDE005510E1 /* Playgrounds */ = {
			isa = PBXGroup;
			children = (
				620920B91AFE1EDE005510E1 /* AppDelegate.swift */,
				620920BB1AFE1EDE005510E1 /* ViewController.swift */,
				620920BD1AFE1EDE005510E1 /* Main.storyboard */,
				620920C01AFE1EDE005510E1 /* Images.xcassets */,
				620920C21AFE1EDE005510E1 /* LaunchScreen.xib */,
				620920B71AFE1EDE005510E1 /* Supporting Files */,
			);
			path = Playgrounds;
			sourceTree = "<group>";
		};
		620920B71AFE1EDE005510E1 /* Supporting Files */ = {
			isa = PBXGroup;
			children = (
				620920B81AFE1EDE005510E1 /* Info.plist */,
			);
			name = "Supporting Files";
			sourceTree = "<group>";
		};
		620920CC1AFE1EDF005510E1 /* PlaygroundsTests */ = {
			isa = PBXGroup;
			children = (
				620920CF1AFE1EDF005510E1 /* PlaygroundsTests.swift */,
				620920CD1AFE1EDF005510E1 /* Supporting Files */,
			);
			path = PlaygroundsTests;
			sourceTree = "<group>";
		};
		620920CD1AFE1EDF005510E1 /* Supporting Files */ = {
			isa = PBXGroup;
			children = (
				620920CE1AFE1EDF005510E1 /* Info.plist */,
			);
			name = "Supporting Files";
			sourceTree = "<group>";
		};
/* End PBXGroup section */

/* Begin PBXNativeTarget section */
		620920B31AFE1EDE005510E1 /* Playgrounds */ = {
			isa = PBXNativeTarget;
			buildConfigurationList = 620920D31AFE1EDF005510E1 /* Build configuration list for PBXNativeTarget "Playgrounds" */;
			buildPhases = (
				620920B01AFE1EDE005510E1 /* Sources */,
				620920B11AFE1EDE005510E1 /* Frameworks */,
				620920B21AFE1EDE005510E1 /* Resources */,
			);
			buildRules = (
			);
			dependencies = (
			);
			name = Playgrounds;
			productName = Playgrounds;
			productReference = 620920B41AFE1EDE005510E1 /* Playgrounds.app */;
			productType = "com.apple.product-type.application";
		};
		620920C81AFE1EDF005510E1 /* PlaygroundsTests */ = {
			isa = PBXNativeTarget;
			buildConfigurationList = 620920D61AFE1EDF005510E1 /* Build configuration list for PBXNativeTarget "PlaygroundsTests" */;
			buildPhases = (
				620920C51AFE1EDF005510E1 /* Sources */,
				620920C61AFE1EDF005510E1 /* Frameworks */,
				620920C71AFE1EDF005510E1 /* Resources */,
			);
			buildRules = (
			);
			dependencies = (
				620920CB1AFE1EDF005510E1 /* PBXTargetDependency */,
			);
			name = PlaygroundsTests;
			productName = PlaygroundsTests;
			productReference = 620920C91AFE1EDF005510E1 /* PlaygroundsTests.xctest */;
			productType = "com.apple.product-type.bundle.unit-test";
		};
/* End PBXNativeTarget section */

/* Begin PBXProject section */
		620920AC1AFE1EDE005510E1 /* Project object */ = {
			isa = PBXProject;
			attributes = {
				LastUpgradeCheck = 0630;
				ORGANIZATIONNAME = JDuxbury.me;
				TargetAttributes = {
					620920B31AFE1EDE005510E1 = {
						CreatedOnToolsVersion = 6.3.1;
					};
					620920C81AFE1EDF005510E1 = {
						CreatedOnToolsVersion = 6.3.1;
						TestTargetID = 620920B31AFE1EDE005510E1;
					};
				};
			};
			buildConfigurationList = 620920AF1AFE1EDE005510E1 /* Build configuration list for PBXProject "Playgrounds" */;
			compatibilityVersion = "Xcode 3.2";
			developmentRegion = English;
			hasScannedForEncodings = 0;
			knownRegions = (
				en,
				Base,
			);
			mainGroup = 620920AB1AFE1EDE005510E1;
			productRefGroup = 620920B51AFE1EDE005510E1 /* Products */;
			projectDirPath = "";
			projectRoot = "";
			targets = (
				620920B31AFE1EDE005510E1 /* Playgrounds */,
				620920C81AFE1EDF005510E1 /* PlaygroundsTests */,
			);
		};
/* End PBXProject section */

/* Begin PBXResourcesBuildPhase section */
		620920B21AFE1EDE005510E1 /* Resources */ = {
			isa = PBXResourcesBuildPhase;
			buildActionMask = 2147483647;
			files = (
				620920BF1AFE1EDE005510E1 /* Main.storyboard in Resources */,
				620920C41AFE1EDE005510E1 /* LaunchScreen.xib in Resources */,
				620920C11AFE1EDE005510E1 /* Images.xcassets in Resources */,
			);
			runOnlyForDeploymentPostprocessing = 0;
		};
		620920C71AFE1EDF005510E1 /* Resources */ = {
			isa = PBXResourcesBuildPhase;
			buildActionMask = 2147483647;
			files = (
			);
			runOnlyForDeploymentPostprocessing = 0;
		};
/* End PBXResourcesBuildPhase section */

/* Begin PBXSourcesBuildPhase section */
		620920B01AFE1EDE005510E1 /* Sources */ = {
			isa = PBXSourcesBuildPhase;
			buildActionMask = 2147483647;
			files = (
				620920BC1AFE1EDE005510E1 /* ViewController.swift in Sources */,
				620920BA1AFE1EDE005510E1 /* AppDelegate.swift in Sources */,
			);
			runOnlyForDeploymentPostprocessing = 0;
		};
		620920C51AFE1EDF005510E1 /* Sources */ = {
			isa = PBXSourcesBuildPhase;
			buildActionMask = 2147483647;
			files = (
				620920D01AFE1EDF005510E1 /* PlaygroundsTests.swift in Sources */,
			);
			runOnlyForDeploymentPostprocessing = 0;
		};
/* End PBXSourcesBuildPhase section */

/* Begin PBXTargetDependency section */
		620920CB1AFE1EDF005510E1 /* PBXTargetDependency */ = {
			isa = PBXTargetDependency;
			target = 620920B31AFE1EDE005510E1 /* Playgrounds */;
			targetProxy = 620920CA1AFE1EDF005510E1 /* PBXContainerItemProxy */;
		};
/* End PBXTargetDependency section */

/* Begin PBXVariantGroup section */
		620920BD1AFE1EDE005510E1 /* Main.storyboard */ = {
			isa = PBXVariantGroup;
			children = (
				620920BE1AFE1EDE005510E1 /* Base */,
			);
			name = Main.storyboard;
			sourceTree = "<group>";
		};
		620920C21AFE1EDE005510E1 /* LaunchScreen.xib */ = {
			isa = PBXVariantGroup;
			children = (
				620920C31AFE1EDE005510E1 /* Base */,
			);
			name = LaunchScreen.xib;
			sourceTree = "<group>";
		};
/* End PBXVariantGroup section */

/* Begin XCBuildConfiguration section */
		620920D11AFE1EDF005510E1 /* Debug */ = {
			isa = XCBuildConfiguration;
			buildSettings = {
				ALWAYS_SEARCH_USER_PATHS = NO;
				CLANG_CXX_LANGUAGE_STANDARD = "gnu++0x";
				CLANG_CXX_LIBRARY = "libc++";
				CLANG_ENABLE_MODULES = YES;
				CLANG_ENABLE_OBJC_ARC = YES;
				CLANG_WARN_BOOL_CONVERSION = YES;
				CLANG_WARN_CONSTANT_CONVERSION = YES;
				CLANG_WARN_DIRECT_OBJC_ISA_USAGE = YES_ERROR;
				CLANG_WARN_EMPTY_BODY = YES;
				CLANG_WARN_ENUM_CONVERSION = YES;
				CLANG_WARN_INT_CONVERSION = YES;
				CLANG_WARN_OBJC_ROOT_CLASS = YES_ERROR;
				CLANG_WARN_UNREACHABLE_CODE = YES;
				CLANG_WARN__DUPLICATE_METHOD_MATCH = YES;
				"CODE_SIGN_IDENTITY[sdk=iphoneos*]" = "iPhone Developer";
				COPY_PHASE_STRIP = NO;
				DEBUG_INFORMATION_FORMAT = "dwarf-with-dsym";
				ENABLE_STRICT_OBJC_MSGSEND = YES;
				GCC_C_LANGUAGE_STANDARD = gnu99;
				GCC_DYNAMIC_NO_PIC = NO;
				GCC_NO_COMMON_BLOCKS = YES;
				GCC_OPTIMIZATION_LEVEL = 0;
				GCC_PREPROCESSOR_DEFINITIONS = (
					"DEBUG=1",
					"$(inherited)",
				);
				GCC_SYMBOLS_PRIVATE_EXTERN = NO;
				GCC_WARN_64_TO_32_BIT_CONVERSION = YES;
				GCC_WARN_ABOUT_RETURN_TYPE = YES_ERROR;
				GCC_WARN_UNDECLARED_SELECTOR = YES;
				GCC_WARN_UNINITIALIZED_AUTOS = YES_AGGRESSIVE;
				GCC_WARN_UNUSED_FUNCTION = YES;
				GCC_WARN_UNUSED_VARIABLE = YES;
				IPHONEOS_DEPLOYMENT_TARGET = 8.3;
				MTL_ENABLE_DEBUG_INFO = YES;
				ONLY_ACTIVE_ARCH = YES;
				SDKROOT = iphoneos;
				SWIFT_OPTIMIZATION_LEVEL = "-Onone";
			};
			name = Debug;
		};
		620920D21AFE1EDF005510E1 /* Release */ = {
			isa = XCBuildConfiguration;
			buildSettings = {
				ALWAYS_SEARCH_USER_PATHS = NO;
				CLANG_CXX_LANGUAGE_STANDARD = "gnu++0x";
				CLANG_CXX_LIBRARY = "libc++";
				CLANG_ENABLE_MODULES = YES;
				CLANG_ENABLE_OBJC_ARC = YES;
				CLANG_WARN_BOOL_CONVERSION = YES;
				CLANG_WARN_CONSTANT_CONVERSION = YES;
				CLANG_WARN_DIRECT_OBJC_ISA_USAGE = YES_ERROR;
				CLANG_WARN_EMPTY_BODY = YES;
				CLANG_WARN_ENUM_CONVERSION = YES;
				CLANG_WARN_INT_CONVERSION = YES;
				CLANG_WARN_OBJC_ROOT_CLASS = YES_ERROR;
				CLANG_WARN_UNREACHABLE_CODE = YES;
				CLANG_WARN__DUPLICATE_METHOD_MATCH = YES;
				"CODE_SIGN_IDENTITY[sdk=iphoneos*]" = "iPhone Developer";
				COPY_PHASE_STRIP = NO;
				DEBUG_INFORMATION_FORMAT = "dwarf-with-dsym";
				ENABLE_NS_ASSERTIONS = NO;
				ENABLE_STRICT_OBJC_MSGSEND = YES;
				GCC_C_LANGUAGE_STANDARD = gnu99;
				GCC_NO_COMMON_BLOCKS = YES;
				GCC_WARN_64_TO_32_BIT_CONVERSION = YES;
				GCC_WARN_ABOUT_RETURN_TYPE = YES_ERROR;
				GCC_WARN_UNDECLARED_SELECTOR = YES;
				GCC_WARN_UNINITIALIZED_AUTOS = YES_AGGRESSIVE;
				GCC_WARN_UNUSED_FUNCTION = YES;
				GCC_WARN_UNUSED_VARIABLE = YES;
				IPHONEOS_DEPLOYMENT_TARGET = 8.3;
				MTL_ENABLE_DEBUG_INFO = NO;
				SDKROOT = iphoneos;
				VALIDATE_PRODUCT = YES;
			};
			name = Release;
		};
		620920D41AFE1EDF005510E1 /* Debug */ = {
			isa = XCBuildConfiguration;
			buildSettings = {
				ASSETCATALOG_COMPILER_APPICON_NAME = AppIcon;
				INFOPLIST_FILE = Playgrounds/Info.plist;
				LD_RUNPATH_SEARCH_PATHS = "$(inherited) @executable_path/Frameworks";
				PRODUCT_NAME = "$(TARGET_NAME)";
			};
			name = Debug;
		};
		620920D51AFE1EDF005510E1 /* Release */ = {
			isa = XCBuildConfiguration;
			buildSettings = {
				ASSETCATALOG_COMPILER_APPICON_NAME = AppIcon;
				INFOPLIST_FILE = Playgrounds/Info.plist;
				LD_RUNPATH_SEARCH_PATHS = "$(inherited) @executable_path/Frameworks";
				PRODUCT_NAME = "$(TARGET_NAME)";
			};
			name = Release;
		};
		620920D71AFE1EDF005510E1 /* Debug */ = {
			isa = XCBuildConfiguration;
			buildSettings = {
				BUNDLE_LOADER = "$(TEST_HOST)";
				FRAMEWORK_SEARCH_PATHS = (
					"$(SDKROOT)/Developer/Library/Frameworks",
					"$(inherited)",
				);
				GCC_PREPROCESSOR_DEFINITIONS = (
					"DEBUG=1",
					"$(inherited)",
				);
				INFOPLIST_FILE = PlaygroundsTests/Info.plist;
				LD_RUNPATH_SEARCH_PATHS = "$(inherited) @executable_path/Frameworks @loader_path/Frameworks";
				PRODUCT_NAME = "$(TARGET_NAME)";
				TEST_HOST = "$(BUILT_PRODUCTS_DIR)/Playgrounds.app/Playgrounds";
			};
			name = Debug;
		};
		620920D81AFE1EDF005510E1 /* Release */ = {
			isa = XCBuildConfiguration;
			buildSettings = {
				BUNDLE_LOADER = "$(TEST_HOST)";
				FRAMEWORK_SEARCH_PATHS = (
					"$(SDKROOT)/Developer/Library/Frameworks",
					"$(inherited)",
				);
				INFOPLIST_FILE = PlaygroundsTests/Info.plist;
				LD_RUNPATH_SEARCH_PATHS = "$(inherited) @executable_path/Frameworks @loader_path/Frameworks";
				PRODUCT_NAME = "$(TARGET_NAME)";
				TEST_HOST = "$(BUILT_PRODUCTS_DIR)/Playgrounds.app/Playgrounds";
			};
			name = Release;
		};
/* End XCBuildConfiguration section */

/* Begin XCConfigurationList section */
		620920AF1AFE1EDE005510E1 /* Build configuration list for PBXProject "Playgrounds" */ = {
			isa = XCConfigurationList;
			buildConfigurations = (
				620920D11AFE1EDF005510E1 /* Debug */,
				620920D21AFE1EDF005510E1 /* Release */,
			);
			defaultConfigurationIsVisible = 0;
			defaultConfigurationName = Release;
		};
		620920D31AFE1EDF005510E1 /* Build configuration list for PBXNativeTarget "Playgrounds" */ = {
			isa = XCConfigurationList;
			buildConfigurations = (
				620920D41AFE1EDF005510E1 /* Debug */,
				620920D51AFE1EDF005510E1 /* Release */,
			);
			defaultConfigurationIsVisible = 0;
		};
		620920D61AFE1EDF005510E1 /* Build configuration list for PBXNativeTarget "PlaygroundsTests" */ = {
			isa = XCConfigurationList;
			buildConfigurations = (
				620920D71AFE1EDF005510E1 /* Debug */,
				620920D81AFE1EDF005510E1 /* Release */,
			);
			defaultConfigurationIsVisible = 0;
		};
/* End XCConfigurationList section */
	};
	rootObject = 620920AC1AFE1EDE005510E1 /* Project object */;
}
